{"1.1.0",
[{<<"cowboy">>,{pkg,<<"cowboy">>,<<"1.0.4">>},0},
 {<<"cowlib">>,{pkg,<<"cowlib">>,<<"1.0.2">>},1},
 {<<"gen_smtp">>,{pkg,<<"gen_smtp">>,<<"0.11.0">>},0},
 {<<"goldrush">>,{pkg,<<"goldrush">>,<<"0.1.9">>},1},
 {<<"lager">>,{pkg,<<"lager">>,<<"3.2.4">>},0},
 {<<"ranch">>,{pkg,<<"ranch">>,<<"1.4.0">>},1},
 {<<"recon">>,{pkg,<<"recon">>,<<"2.3.2">>},0},
 {<<"syslog">>,{pkg,<<"syslog_app">>,<<"3.4.1">>},0}]}.
[
{pkg_hash,[
 {<<"cowboy">>, <<"A324A8DF9F2316C833A470D918AAF73AE894278B8AA6226CE7A9BF699388F878">>},
 {<<"cowlib">>, <<"9D769A1D062C9C3AC753096F868CA121E2730B9A377DE23DEC0F7E08B1DF84EE">>},
 {<<"gen_smtp">>, <<"D90FF2F021FC86CB2A4259B1F2B177AB6E506676265E26454BF5755855ADC956">>},
 {<<"goldrush">>, <<"F06E5D5F1277DA5C413E84D5A2924174182FB108DABB39D5EC548B27424CD106">>},
 {<<"lager">>, <<"A6DEB74DAE7927F46BD13255268308EF03EB206EC784A94EAF7C1C0F3B811615">>},
 {<<"ranch">>, <<"10272F95DA79340FA7E8774BA7930B901713D272905D0012B06CA6D994F8826B">>},
 {<<"recon">>, <<"4444C879BE323B1B133EEC5241CB84BD3821EA194C740D75617E106BE4744318">>},
 {<<"syslog">>, <<"885F94F72836D6137E8A4B08A0BD1A224E3FBDC2F3EA811D0E4E1BB7926E279D">>}]}
].
